
Microsoft Visual Studio Solution File, Format Version 11.00
# Visual Studio 2010
Project("{FAE04EC0-301F-11D3-BF4B-00C04F79EFBC}") = "GIS_AddIn", "GIS_AddIn\GIS_AddIn.csproj", "{6F8B7022-C3DB-45C7-9FE4-9AADAE55DB6F}"
EndProject
Global
	GlobalSection(SolutionProperties) = preSolution
		HideSolutionNode = FALSE
	EndGlobalSection
EndGlobal
